
Microsoft Visual Studio Solution File, Format Version 12.00
# Visual Studio Version 17
VisualStudioVersion = 17.3.32922.545
MinimumVisualStudioVersion = 10.0.40219.1
Project("{2150E333-8FDC-42A3-9474-1A3956D46DE8}") = "exe", "exe", "{54832BE8-7516-40A0-B1FB-53783B7D0FC9}"
EndProject
Project("{2150E333-8FDC-42A3-9474-1A3956D46DE8}") = "lib", "lib", "{E546A413-7CB9-4F8C-8CEC-19E61FBBE9D1}"
EndProject
Project("{2150E333-8FDC-42A3-9474-1A3956D46DE8}") = "setup", "setup", "{B5FD210C-D91B-4B89-B227-7D3874D7A8FB}"
EndProject
Project("{FAE04EC0-301F-11D3-BF4B-00C04F79EFBC}") = "DoMeasureMSC", "DoMeasureMSC\DoMeasureMSC.csproj", "{91AED7E6-23B5-4521-A78C-72345C9ACFDE}"
EndProject
Project("{FAE04EC0-301F-11D3-BF4B-00C04F79EFBC}") = "DoAnalysisMSC", "DoAnalysisMSC\DoAnalysisMSC.csproj", "{8C388D7A-6AA8-4D04-BE03-52E9A31A9CF3}"
EndProject
Project("{54435603-DBB4-11D2-8724-00A0C9A8B90C}") = "SetUp_DWSMARTICT_V1_x86", "SetUp_DWSMARTICT_V1_x86\SetUp_DWSMARTICT_V1_x86.vdproj", "{FF2EB8CE-F8F5-44BA-B426-04983FCEC4A8}"
EndProject
Project("{FAE04EC0-301F-11D3-BF4B-00C04F79EFBC}") = "Alarm_V1", "Alarm_V1\Alarm_V1.csproj", "{0B1CAE0E-A229-4667-AB12-C682517AE639}"
EndProject
Project("{FAE04EC0-301F-11D3-BF4B-00C04F79EFBC}") = "DashBoard", "DashBoard\DashBoard.csproj", "{49ED25E0-3E41-46AF-A5D7-E8EBEA8FE207}"
EndProject
Project("{FAE04EC0-301F-11D3-BF4B-00C04F79EFBC}") = "DBMS_V1", "DBMS_V1\DBMS_V1.csproj", "{D884C7A0-D224-48E6-A42D-363CE3CB7031}"
EndProject
Project("{FAE04EC0-301F-11D3-BF4B-00C04F79EFBC}") = "DeviceChecker", "DeviceChecker\DeviceChecker.csproj", "{1B425ACC-C2A5-4E72-8588-284307560F66}"
EndProject
Project("{FAE04EC0-301F-11D3-BF4B-00C04F79EFBC}") = "DwLib", "DwLib\DwLib.csproj", "{395EEE5D-4054-405A-9413-C80C017DAD76}"
EndProject
Project("{FAE04EC0-301F-11D3-BF4B-00C04F79EFBC}") = "EventLog", "EventLog\EventLog.csproj", "{368AF9DF-C2E7-4F80-AFFB-6A0F583D430D}"
EndProject
Project("{FAE04EC0-301F-11D3-BF4B-00C04F79EFBC}") = "ExportPDF", "ExportPDF\ExportPDF.csproj", "{C0F99645-3AA0-4B83-ABEF-C5AD54D4AE48}"
EndProject
Project("{FAE04EC0-301F-11D3-BF4B-00C04F79EFBC}") = "HMI_TEMI2500", "HMI_TEMI2500\DWTEMI2500\HMI_TEMI2500.csproj", "{6829F38D-1D61-401D-8CD5-75E7CF9509DB}"
EndProject
Project("{FAE04EC0-301F-11D3-BF4B-00C04F79EFBC}") = "LoginLib", "LoginLib\LoginLib.csproj", "{4A533C5B-4064-42DF-ACFA-9C747FDD5393}"
EndProject
Project("{FAE04EC0-301F-11D3-BF4B-00C04F79EFBC}") = "NetworkLib", "NetworkLib\NetworkLib.csproj", "{52944403-3263-4588-86D5-310D44A59CF3}"
EndProject
Project("{FAE04EC0-301F-11D3-BF4B-00C04F79EFBC}") = "PlcLSE_V1", "PlcLSE_V1\PlcLSE_V1.csproj", "{D59AACA6-3109-4B99-9DDB-690651DF5C0A}"
EndProject
Global
	GlobalSection(SolutionConfigurationPlatforms) = preSolution
		Debug|Any CPU = Debug|Any CPU
		Release|Any CPU = Release|Any CPU
	EndGlobalSection
	GlobalSection(ProjectConfigurationPlatforms) = postSolution
		{91AED7E6-23B5-4521-A78C-72345C9ACFDE}.Debug|Any CPU.ActiveCfg = Debug|Any CPU
		{91AED7E6-23B5-4521-A78C-72345C9ACFDE}.Debug|Any CPU.Build.0 = Debug|Any CPU
		{91AED7E6-23B5-4521-A78C-72345C9ACFDE}.Release|Any CPU.ActiveCfg = Release|Any CPU
		{91AED7E6-23B5-4521-A78C-72345C9ACFDE}.Release|Any CPU.Build.0 = Release|Any CPU
		{8C388D7A-6AA8-4D04-BE03-52E9A31A9CF3}.Debug|Any CPU.ActiveCfg = Debug|Any CPU
		{8C388D7A-6AA8-4D04-BE03-52E9A31A9CF3}.Debug|Any CPU.Build.0 = Debug|Any CPU
		{8C388D7A-6AA8-4D04-BE03-52E9A31A9CF3}.Release|Any CPU.ActiveCfg = Release|Any CPU
		{8C388D7A-6AA8-4D04-BE03-52E9A31A9CF3}.Release|Any CPU.Build.0 = Release|Any CPU
		{FF2EB8CE-F8F5-44BA-B426-04983FCEC4A8}.Debug|Any CPU.ActiveCfg = Debug
		{FF2EB8CE-F8F5-44BA-B426-04983FCEC4A8}.Release|Any CPU.ActiveCfg = Release
		{FF2EB8CE-F8F5-44BA-B426-04983FCEC4A8}.Release|Any CPU.Build.0 = Release
		{0B1CAE0E-A229-4667-AB12-C682517AE639}.Debug|Any CPU.ActiveCfg = Debug|Any CPU
		{0B1CAE0E-A229-4667-AB12-C682517AE639}.Debug|Any CPU.Build.0 = Debug|Any CPU
		{0B1CAE0E-A229-4667-AB12-C682517AE639}.Release|Any CPU.ActiveCfg = Release|Any CPU
		{0B1CAE0E-A229-4667-AB12-C682517AE639}.Release|Any CPU.Build.0 = Release|Any CPU
		{49ED25E0-3E41-46AF-A5D7-E8EBEA8FE207}.Debug|Any CPU.ActiveCfg = Debug|Any CPU
		{49ED25E0-3E41-46AF-A5D7-E8EBEA8FE207}.Debug|Any CPU.Build.0 = Debug|Any CPU
		{49ED25E0-3E41-46AF-A5D7-E8EBEA8FE207}.Release|Any CPU.ActiveCfg = Release|Any CPU
		{49ED25E0-3E41-46AF-A5D7-E8EBEA8FE207}.Release|Any CPU.Build.0 = Release|Any CPU
		{D884C7A0-D224-48E6-A42D-363CE3CB7031}.Debug|Any CPU.ActiveCfg = Debug|Any CPU
		{D884C7A0-D224-48E6-A42D-363CE3CB7031}.Debug|Any CPU.Build.0 = Debug|Any CPU
		{D884C7A0-D224-48E6-A42D-363CE3CB7031}.Release|Any CPU.ActiveCfg = Release|Any CPU
		{D884C7A0-D224-48E6-A42D-363CE3CB7031}.Release|Any CPU.Build.0 = Release|Any CPU
		{1B425ACC-C2A5-4E72-8588-284307560F66}.Debug|Any CPU.ActiveCfg = Debug|Any CPU
		{1B425ACC-C2A5-4E72-8588-284307560F66}.Debug|Any CPU.Build.0 = Debug|Any CPU
		{1B425ACC-C2A5-4E72-8588-284307560F66}.Release|Any CPU.ActiveCfg = Release|Any CPU
		{1B425ACC-C2A5-4E72-8588-284307560F66}.Release|Any CPU.Build.0 = Release|Any CPU
		{395EEE5D-4054-405A-9413-C80C017DAD76}.Debug|Any CPU.ActiveCfg = Debug|Any CPU
		{395EEE5D-4054-405A-9413-C80C017DAD76}.Debug|Any CPU.Build.0 = Debug|Any CPU
		{395EEE5D-4054-405A-9413-C80C017DAD76}.Release|Any CPU.ActiveCfg = Release|Any CPU
		{395EEE5D-4054-405A-9413-C80C017DAD76}.Release|Any CPU.Build.0 = Release|Any CPU
		{368AF9DF-C2E7-4F80-AFFB-6A0F583D430D}.Debug|Any CPU.ActiveCfg = Debug|Any CPU
		{368AF9DF-C2E7-4F80-AFFB-6A0F583D430D}.Debug|Any CPU.Build.0 = Debug|Any CPU
		{368AF9DF-C2E7-4F80-AFFB-6A0F583D430D}.Release|Any CPU.ActiveCfg = Release|Any CPU
		{368AF9DF-C2E7-4F80-AFFB-6A0F583D430D}.Release|Any CPU.Build.0 = Release|Any CPU
		{C0F99645-3AA0-4B83-ABEF-C5AD54D4AE48}.Debug|Any CPU.ActiveCfg = Debug|Any CPU
		{C0F99645-3AA0-4B83-ABEF-C5AD54D4AE48}.Debug|Any CPU.Build.0 = Debug|Any CPU
		{C0F99645-3AA0-4B83-ABEF-C5AD54D4AE48}.Release|Any CPU.ActiveCfg = Release|Any CPU
		{C0F99645-3AA0-4B83-ABEF-C5AD54D4AE48}.Release|Any CPU.Build.0 = Release|Any CPU
		{6829F38D-1D61-401D-8CD5-75E7CF9509DB}.Debug|Any CPU.ActiveCfg = Debug|Any CPU
		{6829F38D-1D61-401D-8CD5-75E7CF9509DB}.Debug|Any CPU.Build.0 = Debug|Any CPU
		{6829F38D-1D61-401D-8CD5-75E7CF9509DB}.Release|Any CPU.ActiveCfg = Release|Any CPU
		{6829F38D-1D61-401D-8CD5-75E7CF9509DB}.Release|Any CPU.Build.0 = Release|Any CPU
		{4A533C5B-4064-42DF-ACFA-9C747FDD5393}.Debug|Any CPU.ActiveCfg = Debug|Any CPU
		{4A533C5B-4064-42DF-ACFA-9C747FDD5393}.Debug|Any CPU.Build.0 = Debug|Any CPU
		{4A533C5B-4064-42DF-ACFA-9C747FDD5393}.Release|Any CPU.ActiveCfg = Release|Any CPU
		{4A533C5B-4064-42DF-ACFA-9C747FDD5393}.Release|Any CPU.Build.0 = Release|Any CPU
		{52944403-3263-4588-86D5-310D44A59CF3}.Debug|Any CPU.ActiveCfg = Debug|Any CPU
		{52944403-3263-4588-86D5-310D44A59CF3}.Debug|Any CPU.Build.0 = Debug|Any CPU
		{52944403-3263-4588-86D5-310D44A59CF3}.Release|Any CPU.ActiveCfg = Release|Any CPU
		{52944403-3263-4588-86D5-310D44A59CF3}.Release|Any CPU.Build.0 = Release|Any CPU
		{D59AACA6-3109-4B99-9DDB-690651DF5C0A}.Debug|Any CPU.ActiveCfg = Debug|Any CPU
		{D59AACA6-3109-4B99-9DDB-690651DF5C0A}.Debug|Any CPU.Build.0 = Debug|Any CPU
		{D59AACA6-3109-4B99-9DDB-690651DF5C0A}.Release|Any CPU.ActiveCfg = Release|Any CPU
		{D59AACA6-3109-4B99-9DDB-690651DF5C0A}.Release|Any CPU.Build.0 = Release|Any CPU
	EndGlobalSection
	GlobalSection(SolutionProperties) = preSolution
		HideSolutionNode = FALSE
	EndGlobalSection
	GlobalSection(NestedProjects) = preSolution
		{91AED7E6-23B5-4521-A78C-72345C9ACFDE} = {54832BE8-7516-40A0-B1FB-53783B7D0FC9}
		{8C388D7A-6AA8-4D04-BE03-52E9A31A9CF3} = {54832BE8-7516-40A0-B1FB-53783B7D0FC9}
		{FF2EB8CE-F8F5-44BA-B426-04983FCEC4A8} = {B5FD210C-D91B-4B89-B227-7D3874D7A8FB}
		{0B1CAE0E-A229-4667-AB12-C682517AE639} = {E546A413-7CB9-4F8C-8CEC-19E61FBBE9D1}
		{49ED25E0-3E41-46AF-A5D7-E8EBEA8FE207} = {E546A413-7CB9-4F8C-8CEC-19E61FBBE9D1}
		{D884C7A0-D224-48E6-A42D-363CE3CB7031} = {E546A413-7CB9-4F8C-8CEC-19E61FBBE9D1}
		{1B425ACC-C2A5-4E72-8588-284307560F66} = {E546A413-7CB9-4F8C-8CEC-19E61FBBE9D1}
		{395EEE5D-4054-405A-9413-C80C017DAD76} = {E546A413-7CB9-4F8C-8CEC-19E61FBBE9D1}
		{368AF9DF-C2E7-4F80-AFFB-6A0F583D430D} = {E546A413-7CB9-4F8C-8CEC-19E61FBBE9D1}
		{C0F99645-3AA0-4B83-ABEF-C5AD54D4AE48} = {E546A413-7CB9-4F8C-8CEC-19E61FBBE9D1}
		{6829F38D-1D61-401D-8CD5-75E7CF9509DB} = {E546A413-7CB9-4F8C-8CEC-19E61FBBE9D1}
		{4A533C5B-4064-42DF-ACFA-9C747FDD5393} = {E546A413-7CB9-4F8C-8CEC-19E61FBBE9D1}
		{52944403-3263-4588-86D5-310D44A59CF3} = {E546A413-7CB9-4F8C-8CEC-19E61FBBE9D1}
		{D59AACA6-3109-4B99-9DDB-690651DF5C0A} = {E546A413-7CB9-4F8C-8CEC-19E61FBBE9D1}
	EndGlobalSection
	GlobalSection(ExtensibilityGlobals) = postSolution
		SolutionGuid = {CF296A91-D903-4C92-81CD-25C088D53D96}
	EndGlobalSection
EndGlobal
